
Microsoft Visual Studio Solution File, Format Version 12.00
# Visual Studio Version 17
VisualStudioVersion = 17.5.33516.290
MinimumVisualStudioVersion = 10.0.40219.1
Project("{888888A0-9F3D-457C-B088-3A5042F75D52}") = "Assignment 2", "Assignment 2\Assignment 2.pyproj", "{97AEA08E-ED5E-470E-8E92-9EEF62EFAC10}"
EndProject
Global
	GlobalSection(SolutionConfigurationPlatforms) = preSolution
		Debug|Any CPU = Debug|Any CPU
		Release|Any CPU = Release|Any CPU
	EndGlobalSection
	GlobalSection(ProjectConfigurationPlatforms) = postSolution
		{97AEA08E-ED5E-470E-8E92-9EEF62EFAC10}.Debug|Any CPU.ActiveCfg = Debug|Any CPU
		{97AEA08E-ED5E-470E-8E92-9EEF62EFAC10}.Release|Any CPU.ActiveCfg = Release|Any CPU
	EndGlobalSection
	GlobalSection(SolutionProperties) = preSolution
		HideSolutionNode = FALSE
	EndGlobalSection
	GlobalSection(ExtensibilityGlobals) = postSolution
		SolutionGuid = {8B959CD3-17D1-4885-AF87-7EFE834FD700}
	EndGlobalSection
EndGlobal
